// !$*UTF8*$!
{
	archiveVersion = 1;
	classes = {
	};
	objectVersion = 77;
	objects = {

/* Begin PBXContainerItemProxy section */
		000EC9722CCDFA170006C048 /* PBXContainerItemProxy */ = {
			isa = PBXContainerItemProxy;
			containerPortal = 000EC9592CCDFA160006C048 /* Project object */;
			proxyType = 1;
			remoteGlobalIDString = 000EC9602CCDFA160006C048;
			remoteInfo = "cat-cam-egress";
		};
		000EC97C2CCDFA170006C048 /* PBXContainerItemProxy */ = {
			isa = PBXContainerItemProxy;
			containerPortal = 000EC9592CCDFA160006C048 /* Project object */;
			proxyType = 1;
			remoteGlobalIDString = 000EC9602CCDFA160006C048;
			remoteInfo = "cat-cam-egress";
		};
/* End PBXContainerItemProxy section */

/* Begin PBXFileReference section */
		000EC9612CCDFA160006C048 /* cat-cam-egress.app */ = {isa = PBXFileReference; explicitFileType = wrapper.application; includeInIndex = 0; path = "cat-cam-egress.app"; sourceTree = BUILT_PRODUCTS_DIR; };
		000EC9712CCDFA170006C048 /* cat-cam-egressTests.xctest */ = {isa = PBXFileReference; explicitFileType = wrapper.cfbundle; includeInIndex = 0; path = "cat-cam-egressTests.xctest"; sourceTree = BUILT_PRODUCTS_DIR; };
		000EC97B2CCDFA170006C048 /* cat-cam-egressUITests.xctest */ = {isa = PBXFileReference; explicitFileType = wrapper.cfbundle; includeInIndex = 0; path = "cat-cam-egressUITests.xctest"; sourceTree = BUILT_PRODUCTS_DIR; };
/* End PBXFileReference section */

/* Begin PBXFileSystemSynchronizedRootGroup section */
		000EC9632CCDFA160006C048 /* cat-cam-egress */ = {
			isa = PBXFileSystemSynchronizedRootGroup;
			path = "cat-cam-egress";
			sourceTree = "<group>";
		};
		000EC9742CCDFA170006C048 /* cat-cam-egressTests */ = {
			isa = PBXFileSystemSynchronizedRootGroup;
			path = "cat-cam-egressTests";
			sourceTree = "<group>";
		};
		000EC97E2CCDFA170006C048 /* cat-cam-egressUITests */ = {
			isa = PBXFileSystemSynchronizedRootGroup;
			path = "cat-cam-egressUITests";
			sourceTree = "<group>";
		};
/* End PBXFileSystemSynchronizedRootGroup section */

/* Begin PBXFrameworksBuildPhase section */
		000EC95E2CCDFA160006C048 /* Frameworks */ = {
			isa = PBXFrameworksBuildPhase;
			buildActionMask = 2147483647;
			files = (
			);
			runOnlyForDeploymentPostprocessing = 0;
		};
		000EC96E2CCDFA170006C048 /* Frameworks */ = {
			isa = PBXFrameworksBuildPhase;
			buildActionMask = 2147483647;
			files = (
			);
			runOnlyForDeploymentPostprocessing = 0;
		};
		000EC9782CCDFA170006C048 /* Frameworks */ = {
			isa = PBXFrameworksBuildPhase;
			buildActionMask = 2147483647;
			files = (
			);
			runOnlyForDeploymentPostprocessing = 0;
		};
/* End PBXFrameworksBuildPhase section */

/* Begin PBXGroup section */
		000EC9582CCDFA160006C048 = {
			isa = PBXGroup;
			children = (
				000EC9632CCDFA160006C048 /* cat-cam-egress */,
				000EC9742CCDFA170006C048 /* cat-cam-egressTests */,
				000EC97E2CCDFA170006C048 /* cat-cam-egressUITests */,
				000EC9622CCDFA160006C048 /* Products */,
			);
			sourceTree = "<group>";
		};
		000EC9622CCDFA160006C048 /* Products */ = {
			isa = PBXGroup;
			children = (
				000EC9612CCDFA160006C048 /* cat-cam-egress.app */,
				000EC9712CCDFA170006C048 /* cat-cam-egressTests.xctest */,
				000EC97B2CCDFA170006C048 /* cat-cam-egressUITests.xctest */,
			);
			name = Products;
			sourceTree = "<group>";
		};
/* End PBXGroup section */

/* Begin PBXNativeTarget section */
		000EC9602CCDFA160006C048 /* cat-cam-egress */ = {
			isa = PBXNativeTarget;
			buildConfigurationList = 000EC9852CCDFA170006C048 /* Build configuration list for PBXNativeTarget "cat-cam-egress" */;
			buildPhases = (
				000EC95D2CCDFA160006C048 /* Sources */,
				000EC95E2CCDFA160006C048 /* Frameworks */,
				000EC95F2CCDFA160006C048 /* Resources */,
			);
			buildRules = (
			);
			dependencies = (
			);
			fileSystemSynchronizedGroups = (
				000EC9632CCDFA160006C048 /* cat-cam-egress */,
			);
			name = "cat-cam-egress";
			packageProductDependencies = (
			);
			productName = "cat-cam-egress";
			productReference = 000EC9612CCDFA160006C048 /* cat-cam-egress.app */;
			productType = "com.apple.product-type.application";
		};
		000EC9702CCDFA170006C048 /* cat-cam-egressTests */ = {
			isa = PBXNativeTarget;
			buildConfigurationList = 000EC9882CCDFA170006C048 /* Build configuration list for PBXNativeTarget "cat-cam-egressTests" */;
			buildPhases = (
				000EC96D2CCDFA170006C048 /* Sources */,
				000EC96E2CCDFA170006C048 /* Frameworks */,
				000EC96F2CCDFA170006C048 /* Resources */,
			);
			buildRules = (
			);
			dependencies = (
				000EC9732CCDFA170006C048 /* PBXTargetDependency */,
			);
			fileSystemSynchronizedGroups = (
				000EC9742CCDFA170006C048 /* cat-cam-egressTests */,
			);
			name = "cat-cam-egressTests";
			packageProductDependencies = (
			);
			productName = "cat-cam-egressTests";
			productReference = 000EC9712CCDFA170006C048 /* cat-cam-egressTests.xctest */;
			productType = "com.apple.product-type.bundle.unit-test";
		};
		000EC97A2CCDFA170006C048 /* cat-cam-egressUITests */ = {
			isa = PBXNativeTarget;
			buildConfigurationList = 000EC98B2CCDFA170006C048 /* Build configuration list for PBXNativeTarget "cat-cam-egressUITests" */;
			buildPhases = (
				000EC9772CCDFA170006C048 /* Sources */,
				000EC9782CCDFA170006C048 /* Frameworks */,
				000EC9792CCDFA170006C048 /* Resources */,
			);
			buildRules = (
			);
			dependencies = (
				000EC97D2CCDFA170006C048 /* PBXTargetDependency */,
			);
			fileSystemSynchronizedGroups = (
				000EC97E2CCDFA170006C048 /* cat-cam-egressUITests */,
			);
			name = "cat-cam-egressUITests";
			packageProductDependencies = (
			);
			productName = "cat-cam-egressUITests";
			productReference = 000EC97B2CCDFA170006C048 /* cat-cam-egressUITests.xctest */;
			productType = "com.apple.product-type.bundle.ui-testing";
		};
/* End PBXNativeTarget section */

/* Begin PBXProject section */
		000EC9592CCDFA160006C048 /* Project object */ = {
			isa = PBXProject;
			attributes = {
				BuildIndependentTargetsInParallel = 1;
				LastSwiftUpdateCheck = 1600;
				LastUpgradeCheck = 1600;
				TargetAttributes = {
					000EC9602CCDFA160006C048 = {
						CreatedOnToolsVersion = 16.0;
					};
					000EC9702CCDFA170006C048 = {
						CreatedOnToolsVersion = 16.0;
						TestTargetID = 000EC9602CCDFA160006C048;
					};
					000EC97A2CCDFA170006C048 = {
						CreatedOnToolsVersion = 16.0;
						TestTargetID = 000EC9602CCDFA160006C048;
					};
				};
			};
			buildConfigurationList = 000EC95C2CCDFA160006C048 /* Build configuration list for PBXProject "cat-cam-egress" */;
			developmentRegion = en;
			hasScannedForEncodings = 0;
			knownRegions = (
				en,
				Base,
			);
			mainGroup = 000EC9582CCDFA160006C048;
			minimizedProjectReferenceProxies = 1;
			preferredProjectObjectVersion = 77;
			productRefGroup = 000EC9622CCDFA160006C048 /* Products */;
			projectDirPath = "";
			projectRoot = "";
			targets = (
				000EC9602CCDFA160006C048 /* cat-cam-egress */,
				000EC9702CCDFA170006C048 /* cat-cam-egressTests */,
				000EC97A2CCDFA170006C048 /* cat-cam-egressUITests */,
			);
		};
/* End PBXProject section */

/* Begin PBXResourcesBuildPhase section */
		000EC95F2CCDFA160006C048 /* Resources */ = {
			isa = PBXResourcesBuildPhase;
			buildActionMask = 2147483647;
			files = (
			);
			runOnlyForDeploymentPostprocessing = 0;
		};
		000EC96F2CCDFA170006C048 /* Resources */ = {
			isa = PBXResourcesBuildPhase;
			buildActionMask = 2147483647;
			files = (
			);
			runOnlyForDeploymentPostprocessing = 0;
		};
		000EC9792CCDFA170006C048 /* Resources */ = {
			isa = PBXResourcesBuildPhase;
			buildActionMask = 2147483647;
			files = (
			);
			runOnlyForDeploymentPostprocessing = 0;
		};
/* End PBXResourcesBuildPhase section */

/* Begin PBXSourcesBuildPhase section */
		000EC95D2CCDFA160006C048 /* Sources */ = {
			isa = PBXSourcesBuildPhase;
			buildActionMask = 2147483647;
			files = (
			);
			runOnlyForDeploymentPostprocessing = 0;
		};
		000EC96D2CCDFA170006C048 /* Sources */ = {
			isa = PBXSourcesBuildPhase;
			buildActionMask = 2147483647;
			files = (
			);
			runOnlyForDeploymentPostprocessing = 0;
		};
		000EC9772CCDFA170006C048 /* Sources */ = {
			isa = PBXSourcesBuildPhase;
			buildActionMask = 2147483647;
			files = (
			);
			runOnlyForDeploymentPostprocessing = 0;
		};
/* End PBXSourcesBuildPhase section */

/* Begin PBXTargetDependency section */
		000EC9732CCDFA170006C048 /* PBXTargetDependency */ = {
			isa = PBXTargetDependency;
			target = 000EC9602CCDFA160006C048 /* cat-cam-egress */;
			targetProxy = 000EC9722CCDFA170006C048 /* PBXContainerItemProxy */;
		};
		000EC97D2CCDFA170006C048 /* PBXTargetDependency */ = {
			isa = PBXTargetDependency;
			target = 000EC9602CCDFA160006C048 /* cat-cam-egress */;
			targetProxy = 000EC97C2CCDFA170006C048 /* PBXContainerItemProxy */;
		};
/* End PBXTargetDependency section */

/* Begin XCBuildConfiguration section */
		000EC9832CCDFA170006C048 /* Debug */ = {
			isa = XCBuildConfiguration;
			buildSettings = {
				ALWAYS_SEARCH_USER_PATHS = NO;
				ASSETCATALOG_COMPILER_GENERATE_SWIFT_ASSET_SYMBOL_EXTENSIONS = YES;
				CLANG_ANALYZER_NONNULL = YES;
				CLANG_ANALYZER_NUMBER_OBJECT_CONVERSION = YES_AGGRESSIVE;
				CLANG_CXX_LANGUAGE_STANDARD = "gnu++20";
				CLANG_ENABLE_MODULES = YES;
				CLANG_ENABLE_OBJC_ARC = YES;
				CLANG_ENABLE_OBJC_WEAK = YES;
				CLANG_WARN_BLOCK_CAPTURE_AUTORELEASING = YES;
				CLANG_WARN_BOOL_CONVERSION = YES;
				CLANG_WARN_COMMA = YES;
				CLANG_WARN_CONSTANT_CONVERSION = YES;
				CLANG_WARN_DEPRECATED_OBJC_IMPLEMENTATIONS = YES;
				CLANG_WARN_DIRECT_OBJC_ISA_USAGE = YES_ERROR;
				CLANG_WARN_DOCUMENTATION_COMMENTS = YES;
				CLANG_WARN_EMPTY_BODY = YES;
				CLANG_WARN_ENUM_CONVERSION = YES;
				CLANG_WARN_INFINITE_RECURSION = YES;
				CLANG_WARN_INT_CONVERSION = YES;
				CLANG_WARN_NON_LITERAL_NULL_CONVERSION = YES;
				CLANG_WARN_OBJC_IMPLICIT_RETAIN_SELF = YES;
				CLANG_WARN_OBJC_LITERAL_CONVERSION = YES;
				CLANG_WARN_OBJC_ROOT_CLASS = YES_ERROR;
				CLANG_WARN_QUOTED_INCLUDE_IN_FRAMEWORK_HEADER = YES;
				CLANG_WARN_RANGE_LOOP_ANALYSIS = YES;
				CLANG_WARN_STRICT_PROTOTYPES = YES;
				CLANG_WARN_SUSPICIOUS_MOVE = YES;
				CLANG_WARN_UNGUARDED_AVAILABILITY = YES_AGGRESSIVE;
				CLANG_WARN_UNREACHABLE_CODE = YES;
				CLANG_WARN__DUPLICATE_METHOD_MATCH = YES;
				COPY_PHASE_STRIP = NO;
				DEBUG_INFORMATION_FORMAT = dwarf;
				ENABLE_STRICT_OBJC_MSGSEND = YES;
				ENABLE_TESTABILITY = YES;
				ENABLE_USER_SCRIPT_SANDBOXING = YES;
				GCC_C_LANGUAGE_STANDARD = gnu17;
				GCC_DYNAMIC_NO_PIC = NO;
				GCC_NO_COMMON_BLOCKS = YES;
				GCC_OPTIMIZATION_LEVEL = 0;
				GCC_PREPROCESSOR_DEFINITIONS = (
					"DEBUG=1",
					"$(inherited)",
				);
				GCC_WARN_64_TO_32_BIT_CONVERSION = YES;
				GCC_WARN_ABOUT_RETURN_TYPE = YES_ERROR;
				GCC_WARN_UNDECLARED_SELECTOR = YES;
				GCC_WARN_UNINITIALIZED_AUTOS = YES_AGGRESSIVE;
				GCC_WARN_UNUSED_FUNCTION = YES;
				GCC_WARN_UNUSED_VARIABLE = YES;
				IPHONEOS_DEPLOYMENT_TARGET = 18.0;
				LOCALIZATION_PREFERS_STRING_CATALOGS = YES;
				MTL_ENABLE_DEBUG_INFO = INCLUDE_SOURCE;
				MTL_FAST_MATH = YES;
				ONLY_ACTIVE_ARCH = YES;
				SDKROOT = iphoneos;
				SWIFT_ACTIVE_COMPILATION_CONDITIONS = "DEBUG $(inherited)";
				SWIFT_OPTIMIZATION_LEVEL = "-Onone";
			};
			name = Debug;
		};
		000EC9842CCDFA170006C048 /* Release */ = {
			isa = XCBuildConfiguration;
			buildSettings = {
				ALWAYS_SEARCH_USER_PATHS = NO;
				ASSETCATALOG_COMPILER_GENERATE_SWIFT_ASSET_SYMBOL_EXTENSIONS = YES;
				CLANG_ANALYZER_NONNULL = YES;
				CLANG_ANALYZER_NUMBER_OBJECT_CONVERSION = YES_AGGRESSIVE;
				CLANG_CXX_LANGUAGE_STANDARD = "gnu++20";
				CLANG_ENABLE_MODULES = YES;
				CLANG_ENABLE_OBJC_ARC = YES;
				CLANG_ENABLE_OBJC_WEAK = YES;
				CLANG_WARN_BLOCK_CAPTURE_AUTORELEASING = YES;
				CLANG_WARN_BOOL_CONVERSION = YES;
				CLANG_WARN_COMMA = YES;
				CLANG_WARN_CONSTANT_CONVERSION = YES;
				CLANG_WARN_DEPRECATED_OBJC_IMPLEMENTATIONS = YES;
				CLANG_WARN_DIRECT_OBJC_ISA_USAGE = YES_ERROR;
				CLANG_WARN_DOCUMENTATION_COMMENTS = YES;
				CLANG_WARN_EMPTY_BODY = YES;
				CLANG_WARN_ENUM_CONVERSION = YES;
				CLANG_WARN_INFINITE_RECURSION = YES;
				CLANG_WARN_INT_CONVERSION = YES;
				CLANG_WARN_NON_LITERAL_NULL_CONVERSION = YES;
				CLANG_WARN_OBJC_IMPLICIT_RETAIN_SELF = YES;
				CLANG_WARN_OBJC_LITERAL_CONVERSION = YES;
				CLANG_WARN_OBJC_ROOT_CLASS = YES_ERROR;
				CLANG_WARN_QUOTED_INCLUDE_IN_FRAMEWORK_HEADER = YES;
				CLANG_WARN_RANGE_LOOP_ANALYSIS = YES;
				CLANG_WARN_STRICT_PROTOTYPES = YES;
				CLANG_WARN_SUSPICIOUS_MOVE = YES;
				CLANG_WARN_UNGUARDED_AVAILABILITY = YES_AGGRESSIVE;
				CLANG_WARN_UNREACHABLE_CODE = YES;
				CLANG_WARN__DUPLICATE_METHOD_MATCH = YES;
				COPY_PHASE_STRIP = NO;
				DEBUG_INFORMATION_FORMAT = "dwarf-with-dsym";
				ENABLE_NS_ASSERTIONS = NO;
				ENABLE_STRICT_OBJC_MSGSEND = YES;
				ENABLE_USER_SCRIPT_SANDBOXING = YES;
				GCC_C_LANGUAGE_STANDARD = gnu17;
				GCC_NO_COMMON_BLOCKS = YES;
				GCC_WARN_64_TO_32_BIT_CONVERSION = YES;
				GCC_WARN_ABOUT_RETURN_TYPE = YES_ERROR;
				GCC_WARN_UNDECLARED_SELECTOR = YES;
				GCC_WARN_UNINITIALIZED_AUTOS = YES_AGGRESSIVE;
				GCC_WARN_UNUSED_FUNCTION = YES;
				GCC_WARN_UNUSED_VARIABLE = YES;
				IPHONEOS_DEPLOYMENT_TARGET = 18.0;
				LOCALIZATION_PREFERS_STRING_CATALOGS = YES;
				MTL_ENABLE_DEBUG_INFO = NO;
				MTL_FAST_MATH = YES;
				SDKROOT = iphoneos;
				SWIFT_COMPILATION_MODE = wholemodule;
				VALIDATE_PRODUCT = YES;
			};
			name = Release;
		};
		000EC9862CCDFA170006C048 /* Debug */ = {
			isa = XCBuildConfiguration;
			buildSettings = {
				ASSETCATALOG_COMPILER_APPICON_NAME = AppIcon;
				ASSETCATALOG_COMPILER_GLOBAL_ACCENT_COLOR_NAME = AccentColor;
				CODE_SIGN_STYLE = Automatic;
				CURRENT_PROJECT_VERSION = 1;
				DEVELOPMENT_ASSET_PATHS = "\"cat-cam-egress/Preview Content\"";
				DEVELOPMENT_TEAM = 354UWT7ZK9;
				ENABLE_PREVIEWS = YES;
				GENERATE_INFOPLIST_FILE = YES;
				INFOPLIST_KEY_UIApplicationSceneManifest_Generation = YES;
				INFOPLIST_KEY_UIApplicationSupportsIndirectInputEvents = YES;
				INFOPLIST_KEY_UILaunchScreen_Generation = YES;
				INFOPLIST_KEY_UISupportedInterfaceOrientations_iPad = "UIInterfaceOrientationPortrait UIInterfaceOrientationPortraitUpsideDown UIInterfaceOrientationLandscapeLeft UIInterfaceOrientationLandscapeRight";
				INFOPLIST_KEY_UISupportedInterfaceOrientations_iPhone = "UIInterfaceOrientationPortrait UIInterfaceOrientationLandscapeLeft UIInterfaceOrientationLandscapeRight";
				LD_RUNPATH_SEARCH_PATHS = (
					"$(inherited)",
					"@executable_path/Frameworks",
				);
				MARKETING_VERSION = 1.0;
				PRODUCT_BUNDLE_IDENTIFIER = "com.prometheus.cat-cam-egress";
				PRODUCT_NAME = "$(TARGET_NAME)";
				SWIFT_EMIT_LOC_STRINGS = YES;
				SWIFT_VERSION = 5.0;
				TARGETED_DEVICE_FAMILY = "1,2";
			};
			name = Debug;
		};
		000EC9872CCDFA170006C048 /* Release */ = {
			isa = XCBuildConfiguration;
			buildSettings = {
				ASSETCATALOG_COMPILER_APPICON_NAME = AppIcon;
				ASSETCATALOG_COMPILER_GLOBAL_ACCENT_COLOR_NAME = AccentColor;
				CODE_SIGN_STYLE = Automatic;
				CURRENT_PROJECT_VERSION = 1;
				DEVELOPMENT_ASSET_PATHS = "\"cat-cam-egress/Preview Content\"";
				DEVELOPMENT_TEAM = 354UWT7ZK9;
				ENABLE_PREVIEWS = YES;
				GENERATE_INFOPLIST_FILE = YES;
				INFOPLIST_KEY_UIApplicationSceneManifest_Generation = YES;
				INFOPLIST_KEY_UIApplicationSupportsIndirectInputEvents = YES;
				INFOPLIST_KEY_UILaunchScreen_Generation = YES;
				INFOPLIST_KEY_UISupportedInterfaceOrientations_iPad = "UIInterfaceOrientationPortrait UIInterfaceOrientationPortraitUpsideDown UIInterfaceOrientationLandscapeLeft UIInterfaceOrientationLandscapeRight";
				INFOPLIST_KEY_UISupportedInterfaceOrientations_iPhone = "UIInterfaceOrientationPortrait UIInterfaceOrientationLandscapeLeft UIInterfaceOrientationLandscapeRight";
				LD_RUNPATH_SEARCH_PATHS = (
					"$(inherited)",
					"@executable_path/Frameworks",
				);
				MARKETING_VERSION = 1.0;
				PRODUCT_BUNDLE_IDENTIFIER = "com.prometheus.cat-cam-egress";
				PRODUCT_NAME = "$(TARGET_NAME)";
				SWIFT_EMIT_LOC_STRINGS = YES;
				SWIFT_VERSION = 5.0;
				TARGETED_DEVICE_FAMILY = "1,2";
			};
			name = Release;
		};
		000EC9892CCDFA170006C048 /* Debug */ = {
			isa = XCBuildConfiguration;
			buildSettings = {
				BUNDLE_LOADER = "$(TEST_HOST)";
				CODE_SIGN_STYLE = Automatic;
				CURRENT_PROJECT_VERSION = 1;
				DEVELOPMENT_TEAM = 354UWT7ZK9;
				GENERATE_INFOPLIST_FILE = YES;
				IPHONEOS_DEPLOYMENT_TARGET = 18.0;
				MARKETING_VERSION = 1.0;
				PRODUCT_BUNDLE_IDENTIFIER = "com.prometheus.cat-cam-egressTests";
				PRODUCT_NAME = "$(TARGET_NAME)";
				SWIFT_EMIT_LOC_STRINGS = NO;
				SWIFT_VERSION = 5.0;
				TARGETED_DEVICE_FAMILY = "1,2";
				TEST_HOST = "$(BUILT_PRODUCTS_DIR)/cat-cam-egress.app/$(BUNDLE_EXECUTABLE_FOLDER_PATH)/cat-cam-egress";
			};
			name = Debug;
		};
		000EC98A2CCDFA170006C048 /* Release */ = {
			isa = XCBuildConfiguration;
			buildSettings = {
				BUNDLE_LOADER = "$(TEST_HOST)";
				CODE_SIGN_STYLE = Automatic;
				CURRENT_PROJECT_VERSION = 1;
				DEVELOPMENT_TEAM = 354UWT7ZK9;
				GENERATE_INFOPLIST_FILE = YES;
				IPHONEOS_DEPLOYMENT_TARGET = 18.0;
				MARKETING_VERSION = 1.0;
				PRODUCT_BUNDLE_IDENTIFIER = "com.prometheus.cat-cam-egressTests";
				PRODUCT_NAME = "$(TARGET_NAME)";
				SWIFT_EMIT_LOC_STRINGS = NO;
				SWIFT_VERSION = 5.0;
				TARGETED_DEVICE_FAMILY = "1,2";
				TEST_HOST = "$(BUILT_PRODUCTS_DIR)/cat-cam-egress.app/$(BUNDLE_EXECUTABLE_FOLDER_PATH)/cat-cam-egress";
			};
			name = Release;
		};
		000EC98C2CCDFA170006C048 /* Debug */ = {
			isa = XCBuildConfiguration;
			buildSettings = {
				CODE_SIGN_STYLE = Automatic;
				CURRENT_PROJECT_VERSION = 1;
				DEVELOPMENT_TEAM = 354UWT7ZK9;
				GENERATE_INFOPLIST_FILE = YES;
				MARKETING_VERSION = 1.0;
				PRODUCT_BUNDLE_IDENTIFIER = "com.prometheus.cat-cam-egressUITests";
				PRODUCT_NAME = "$(TARGET_NAME)";
				SWIFT_EMIT_LOC_STRINGS = NO;
				SWIFT_VERSION = 5.0;
				TARGETED_DEVICE_FAMILY = "1,2";
				TEST_TARGET_NAME = "cat-cam-egress";
			};
			name = Debug;
		};
		000EC98D2CCDFA170006C048 /* Release */ = {
			isa = XCBuildConfiguration;
			buildSettings = {
				CODE_SIGN_STYLE = Automatic;
				CURRENT_PROJECT_VERSION = 1;
				DEVELOPMENT_TEAM = 354UWT7ZK9;
				GENERATE_INFOPLIST_FILE = YES;
				MARKETING_VERSION = 1.0;
				PRODUCT_BUNDLE_IDENTIFIER = "com.prometheus.cat-cam-egressUITests";
				PRODUCT_NAME = "$(TARGET_NAME)";
				SWIFT_EMIT_LOC_STRINGS = NO;
				SWIFT_VERSION = 5.0;
				TARGETED_DEVICE_FAMILY = "1,2";
				TEST_TARGET_NAME = "cat-cam-egress";
			};
			name = Release;
		};
/* End XCBuildConfiguration section */

/* Begin XCConfigurationList section */
		000EC95C2CCDFA160006C048 /* Build configuration list for PBXProject "cat-cam-egress" */ = {
			isa = XCConfigurationList;
			buildConfigurations = (
				000EC9832CCDFA170006C048 /* Debug */,
				000EC9842CCDFA170006C048 /* Release */,
			);
			defaultConfigurationIsVisible = 0;
			defaultConfigurationName = Release;
		};
		000EC9852CCDFA170006C048 /* Build configuration list for PBXNativeTarget "cat-cam-egress" */ = {
			isa = XCConfigurationList;
			buildConfigurations = (
				000EC9862CCDFA170006C048 /* Debug */,
				000EC9872CCDFA170006C048 /* Release */,
			);
			defaultConfigurationIsVisible = 0;
			defaultConfigurationName = Release;
		};
		000EC9882CCDFA170006C048 /* Build configuration list for PBXNativeTarget "cat-cam-egressTests" */ = {
			isa = XCConfigurationList;
			buildConfigurations = (
				000EC9892CCDFA170006C048 /* Debug */,
				000EC98A2CCDFA170006C048 /* Release */,
			);
			defaultConfigurationIsVisible = 0;
			defaultConfigurationName = Release;
		};
		000EC98B2CCDFA170006C048 /* Build configuration list for PBXNativeTarget "cat-cam-egressUITests" */ = {
			isa = XCConfigurationList;
			buildConfigurations = (
				000EC98C2CCDFA170006C048 /* Debug */,
				000EC98D2CCDFA170006C048 /* Release */,
			);
			defaultConfigurationIsVisible = 0;
			defaultConfigurationName = Release;
		};
/* End XCConfigurationList section */
	};
	rootObject = 000EC9592CCDFA160006C048 /* Project object */;
}
